
Microsoft Visual Studio Solution File, Format Version 12.00
# Visual Studio Version 17
VisualStudioVersion = 17.4.33110.190
MinimumVisualStudioVersion = 10.0.40219.1
Project("{FAE04EC0-301F-11D3-BF4B-00C04F79EFBC}") = "HelloWorld", "HelloWorld\HelloWorld.csproj", "{66A79EC6-79D4-4135-BB64-99C2A8D89F6F}"
EndProject
Project("{9A19103F-16F7-4668-BE54-9A1E7A4F7556}") = "TypesAndVariables", "TypesAndVariables\TypesAndVariables.csproj", "{1BE5899A-8104-44E9-B233-F1AC5CCBE91A}"
EndProject
Project("{9A19103F-16F7-4668-BE54-9A1E7A4F7556}") = "Conditionals", "Conditionals\Conditionals.csproj", "{E21B9381-98EE-4B7A-B494-B2689F284C12}"
EndProject
Project("{9A19103F-16F7-4668-BE54-9A1E7A4F7556}") = "Methods", "Methods\Methods.csproj", "{2E1E2F7E-0529-428E-8DDB-884400E69DB2}"
EndProject
Project("{9A19103F-16F7-4668-BE54-9A1E7A4F7556}") = "Arrays", "Arrays\Arrays.csproj", "{1D1D8F4D-C67C-4FC0-BD88-21320EE8AC41}"
EndProject
Project("{9A19103F-16F7-4668-BE54-9A1E7A4F7556}") = "Loops", "Loops\Loops.csproj", "{1D00FF3E-89D5-43D6-92DE-AF7391B975D6}"
EndProject
Project("{9A19103F-16F7-4668-BE54-9A1E7A4F7556}") = "Strings", "Strings\Strings.csproj", "{C55F24B8-F373-4312-A74B-C64970D762F8}"
EndProject
Project("{9A19103F-16F7-4668-BE54-9A1E7A4F7556}") = "Classes", "Classes\Classes.csproj", "{45496F67-63DA-4E3F-AF4C-828AA3B02CE4}"
EndProject
Project("{FAE04EC0-301F-11D3-BF4B-00C04F79EFBC}") = "RecapDemo1", "RecapDemo1\RecapDemo1.csproj", "{5ABCD99D-EECB-4B9E-8679-850EFD081533}"
EndProject
Project("{9A19103F-16F7-4668-BE54-9A1E7A4F7556}") = "Interfaces", "Interfaces\Interfaces.csproj", "{2E065635-BC4C-4CA3-A8FA-0B20DD526620}"
EndProject
Project("{9A19103F-16F7-4668-BE54-9A1E7A4F7556}") = "InterfacesDemo", "InterfacesDemo\InterfacesDemo.csproj", "{A2C177BB-53B0-4241-BA65-9B7DD98E41B5}"
EndProject
Project("{FAE04EC0-301F-11D3-BF4B-00C04F79EFBC}") = "Inheritance", "Inheritance\Inheritance.csproj", "{6FF0F242-9050-4AE1-A860-80997E673EB3}"
EndProject
Project("{FAE04EC0-301F-11D3-BF4B-00C04F79EFBC}") = "VirtualMethods", "VirtualMethods\VirtualMethods.csproj", "{1ACA745E-EE3B-49E2-9CB6-34C7DBD7BAD4}"
EndProject
Project("{FAE04EC0-301F-11D3-BF4B-00C04F79EFBC}") = "AbstractClasses", "AbstractClasses\AbstractClasses.csproj", "{4B13B570-FD20-4DC2-8F21-86373D89B7B2}"
EndProject
Global
	GlobalSection(SolutionConfigurationPlatforms) = preSolution
		Debug|Any CPU = Debug|Any CPU
		Release|Any CPU = Release|Any CPU
	EndGlobalSection
	GlobalSection(ProjectConfigurationPlatforms) = postSolution
		{66A79EC6-79D4-4135-BB64-99C2A8D89F6F}.Debug|Any CPU.ActiveCfg = Debug|Any CPU
		{66A79EC6-79D4-4135-BB64-99C2A8D89F6F}.Debug|Any CPU.Build.0 = Debug|Any CPU
		{66A79EC6-79D4-4135-BB64-99C2A8D89F6F}.Release|Any CPU.ActiveCfg = Release|Any CPU
		{66A79EC6-79D4-4135-BB64-99C2A8D89F6F}.Release|Any CPU.Build.0 = Release|Any CPU
		{1BE5899A-8104-44E9-B233-F1AC5CCBE91A}.Debug|Any CPU.ActiveCfg = Debug|Any CPU
		{1BE5899A-8104-44E9-B233-F1AC5CCBE91A}.Debug|Any CPU.Build.0 = Debug|Any CPU
		{1BE5899A-8104-44E9-B233-F1AC5CCBE91A}.Release|Any CPU.ActiveCfg = Release|Any CPU
		{1BE5899A-8104-44E9-B233-F1AC5CCBE91A}.Release|Any CPU.Build.0 = Release|Any CPU
		{E21B9381-98EE-4B7A-B494-B2689F284C12}.Debug|Any CPU.ActiveCfg = Debug|Any CPU
		{E21B9381-98EE-4B7A-B494-B2689F284C12}.Debug|Any CPU.Build.0 = Debug|Any CPU
		{E21B9381-98EE-4B7A-B494-B2689F284C12}.Release|Any CPU.ActiveCfg = Release|Any CPU
		{E21B9381-98EE-4B7A-B494-B2689F284C12}.Release|Any CPU.Build.0 = Release|Any CPU
		{2E1E2F7E-0529-428E-8DDB-884400E69DB2}.Debug|Any CPU.ActiveCfg = Debug|Any CPU
		{2E1E2F7E-0529-428E-8DDB-884400E69DB2}.Debug|Any CPU.Build.0 = Debug|Any CPU
		{2E1E2F7E-0529-428E-8DDB-884400E69DB2}.Release|Any CPU.ActiveCfg = Release|Any CPU
		{2E1E2F7E-0529-428E-8DDB-884400E69DB2}.Release|Any CPU.Build.0 = Release|Any CPU
		{1D1D8F4D-C67C-4FC0-BD88-21320EE8AC41}.Debug|Any CPU.ActiveCfg = Debug|Any CPU
		{1D1D8F4D-C67C-4FC0-BD88-21320EE8AC41}.Debug|Any CPU.Build.0 = Debug|Any CPU
		{1D1D8F4D-C67C-4FC0-BD88-21320EE8AC41}.Release|Any CPU.ActiveCfg = Release|Any CPU
		{1D1D8F4D-C67C-4FC0-BD88-21320EE8AC41}.Release|Any CPU.Build.0 = Release|Any CPU
		{1D00FF3E-89D5-43D6-92DE-AF7391B975D6}.Debug|Any CPU.ActiveCfg = Debug|Any CPU
		{1D00FF3E-89D5-43D6-92DE-AF7391B975D6}.Debug|Any CPU.Build.0 = Debug|Any CPU
		{1D00FF3E-89D5-43D6-92DE-AF7391B975D6}.Release|Any CPU.ActiveCfg = Release|Any CPU
		{1D00FF3E-89D5-43D6-92DE-AF7391B975D6}.Release|Any CPU.Build.0 = Release|Any CPU
		{C55F24B8-F373-4312-A74B-C64970D762F8}.Debug|Any CPU.ActiveCfg = Debug|Any CPU
		{C55F24B8-F373-4312-A74B-C64970D762F8}.Debug|Any CPU.Build.0 = Debug|Any CPU
		{C55F24B8-F373-4312-A74B-C64970D762F8}.Release|Any CPU.ActiveCfg = Release|Any CPU
		{C55F24B8-F373-4312-A74B-C64970D762F8}.Release|Any CPU.Build.0 = Release|Any CPU
		{45496F67-63DA-4E3F-AF4C-828AA3B02CE4}.Debug|Any CPU.ActiveCfg = Debug|Any CPU
		{45496F67-63DA-4E3F-AF4C-828AA3B02CE4}.Debug|Any CPU.Build.0 = Debug|Any CPU
		{45496F67-63DA-4E3F-AF4C-828AA3B02CE4}.Release|Any CPU.ActiveCfg = Release|Any CPU
		{45496F67-63DA-4E3F-AF4C-828AA3B02CE4}.Release|Any CPU.Build.0 = Release|Any CPU
		{5ABCD99D-EECB-4B9E-8679-850EFD081533}.Debug|Any CPU.ActiveCfg = Debug|Any CPU
		{5ABCD99D-EECB-4B9E-8679-850EFD081533}.Debug|Any CPU.Build.0 = Debug|Any CPU
		{5ABCD99D-EECB-4B9E-8679-850EFD081533}.Release|Any CPU.ActiveCfg = Release|Any CPU
		{5ABCD99D-EECB-4B9E-8679-850EFD081533}.Release|Any CPU.Build.0 = Release|Any CPU
		{2E065635-BC4C-4CA3-A8FA-0B20DD526620}.Debug|Any CPU.ActiveCfg = Debug|Any CPU
		{2E065635-BC4C-4CA3-A8FA-0B20DD526620}.Debug|Any CPU.Build.0 = Debug|Any CPU
		{2E065635-BC4C-4CA3-A8FA-0B20DD526620}.Release|Any CPU.ActiveCfg = Release|Any CPU
		{2E065635-BC4C-4CA3-A8FA-0B20DD526620}.Release|Any CPU.Build.0 = Release|Any CPU
		{A2C177BB-53B0-4241-BA65-9B7DD98E41B5}.Debug|Any CPU.ActiveCfg = Debug|Any CPU
		{A2C177BB-53B0-4241-BA65-9B7DD98E41B5}.Debug|Any CPU.Build.0 = Debug|Any CPU
		{A2C177BB-53B0-4241-BA65-9B7DD98E41B5}.Release|Any CPU.ActiveCfg = Release|Any CPU
		{A2C177BB-53B0-4241-BA65-9B7DD98E41B5}.Release|Any CPU.Build.0 = Release|Any CPU
		{6FF0F242-9050-4AE1-A860-80997E673EB3}.Debug|Any CPU.ActiveCfg = Debug|Any CPU
		{6FF0F242-9050-4AE1-A860-80997E673EB3}.Debug|Any CPU.Build.0 = Debug|Any CPU
		{6FF0F242-9050-4AE1-A860-80997E673EB3}.Release|Any CPU.ActiveCfg = Release|Any CPU
		{6FF0F242-9050-4AE1-A860-80997E673EB3}.Release|Any CPU.Build.0 = Release|Any CPU
		{1ACA745E-EE3B-49E2-9CB6-34C7DBD7BAD4}.Debug|Any CPU.ActiveCfg = Debug|Any CPU
		{1ACA745E-EE3B-49E2-9CB6-34C7DBD7BAD4}.Debug|Any CPU.Build.0 = Debug|Any CPU
		{1ACA745E-EE3B-49E2-9CB6-34C7DBD7BAD4}.Release|Any CPU.ActiveCfg = Release|Any CPU
		{1ACA745E-EE3B-49E2-9CB6-34C7DBD7BAD4}.Release|Any CPU.Build.0 = Release|Any CPU
		{4B13B570-FD20-4DC2-8F21-86373D89B7B2}.Debug|Any CPU.ActiveCfg = Debug|Any CPU
		{4B13B570-FD20-4DC2-8F21-86373D89B7B2}.Debug|Any CPU.Build.0 = Debug|Any CPU
		{4B13B570-FD20-4DC2-8F21-86373D89B7B2}.Release|Any CPU.ActiveCfg = Release|Any CPU
		{4B13B570-FD20-4DC2-8F21-86373D89B7B2}.Release|Any CPU.Build.0 = Release|Any CPU
	EndGlobalSection
	GlobalSection(SolutionProperties) = preSolution
		HideSolutionNode = FALSE
	EndGlobalSection
	GlobalSection(ExtensibilityGlobals) = postSolution
		SolutionGuid = {77EFB2BE-1C18-48E1-A1DB-0CE2D1A9B412}
	EndGlobalSection
EndGlobal
